
Microsoft Visual Studio Solution File, Format Version 12.00
# Visual Studio Version 17
VisualStudioVersion = 17.1.32319.34
MinimumVisualStudioVersion = 10.0.40219.1
Project("{FAE04EC0-301F-11D3-BF4B-00C04F79EFBC}") = "WEBAPIMVCTest", "WEBAPIMVCTest\WEBAPIMVCTest.csproj", "{7A783D9A-FDC0-4813-957A-91990BF31CAF}"
EndProject
Global
	GlobalSection(SolutionConfigurationPlatforms) = preSolution
		Debug|Any CPU = Debug|Any CPU
		Release|Any CPU = Release|Any CPU
	EndGlobalSection
	GlobalSection(ProjectConfigurationPlatforms) = postSolution
		{7A783D9A-FDC0-4813-957A-91990BF31CAF}.Debug|Any CPU.ActiveCfg = Debug|Any CPU
		{7A783D9A-FDC0-4813-957A-91990BF31CAF}.Debug|Any CPU.Build.0 = Debug|Any CPU
		{7A783D9A-FDC0-4813-957A-91990BF31CAF}.Release|Any CPU.ActiveCfg = Release|Any CPU
		{7A783D9A-FDC0-4813-957A-91990BF31CAF}.Release|Any CPU.Build.0 = Release|Any CPU
	EndGlobalSection
	GlobalSection(SolutionProperties) = preSolution
		HideSolutionNode = FALSE
	EndGlobalSection
	GlobalSection(ExtensibilityGlobals) = postSolution
		SolutionGuid = {81E9D0BD-9A9A-4EF0-9CC8-82506D14D622}
	EndGlobalSection
EndGlobal
